
Microsoft Visual Studio Solution File, Format Version 12.00
# Visual Studio Version 17
VisualStudioVersion = 17.7.34003.232
MinimumVisualStudioVersion = 10.0.40219.1
Project("{8BC9CEB8-8B4A-11D0-8D11-00A0C91BC942}") = "QT_Mark", "QT_Mark\QT_Mark.vcxproj", "{1BC7BB3D-0427-4FF5-BFE6-4DFF96068AB8}"
EndProject
Project("{8BC9CEB8-8B4A-11D0-8D11-00A0C91BC942}") = "CameraManage", "CameraManage\CameraManage.vcxproj", "{AC673CCE-F9F7-419E-8253-A79CB055C477}"
EndProject
Project("{8BC9CEB8-8B4A-11D0-8D11-00A0C91BC942}") = "ImageLibrary", "ImageLibrary\ImageLibrary.vcxproj", "{A1C8EFE5-4F6A-430A-BEC2-6ECED692BBF4}"
EndProject
Global
	GlobalSection(SolutionConfigurationPlatforms) = preSolution
		Debug|x64 = Debug|x64
		Debug|x86 = Debug|x86
		Release|x64 = Release|x64
		Release|x86 = Release|x86
	EndGlobalSection
	GlobalSection(ProjectConfigurationPlatforms) = postSolution
		{1BC7BB3D-0427-4FF5-BFE6-4DFF96068AB8}.Debug|x64.ActiveCfg = Debug|x64
		{1BC7BB3D-0427-4FF5-BFE6-4DFF96068AB8}.Debug|x64.Build.0 = Debug|x64
		{1BC7BB3D-0427-4FF5-BFE6-4DFF96068AB8}.Debug|x86.ActiveCfg = Debug|x64
		{1BC7BB3D-0427-4FF5-BFE6-4DFF96068AB8}.Debug|x86.Build.0 = Debug|x64
		{1BC7BB3D-0427-4FF5-BFE6-4DFF96068AB8}.Release|x64.ActiveCfg = Release|x64
		{1BC7BB3D-0427-4FF5-BFE6-4DFF96068AB8}.Release|x64.Build.0 = Release|x64
		{1BC7BB3D-0427-4FF5-BFE6-4DFF96068AB8}.Release|x86.ActiveCfg = Release|x64
		{1BC7BB3D-0427-4FF5-BFE6-4DFF96068AB8}.Release|x86.Build.0 = Release|x64
		{AC673CCE-F9F7-419E-8253-A79CB055C477}.Debug|x64.ActiveCfg = Debug|x64
		{AC673CCE-F9F7-419E-8253-A79CB055C477}.Debug|x64.Build.0 = Debug|x64
		{AC673CCE-F9F7-419E-8253-A79CB055C477}.Debug|x86.ActiveCfg = Debug|Win32
		{AC673CCE-F9F7-419E-8253-A79CB055C477}.Debug|x86.Build.0 = Debug|Win32
		{AC673CCE-F9F7-419E-8253-A79CB055C477}.Release|x64.ActiveCfg = Release|x64
		{AC673CCE-F9F7-419E-8253-A79CB055C477}.Release|x64.Build.0 = Release|x64
		{AC673CCE-F9F7-419E-8253-A79CB055C477}.Release|x86.ActiveCfg = Release|Win32
		{AC673CCE-F9F7-419E-8253-A79CB055C477}.Release|x86.Build.0 = Release|Win32
		{A1C8EFE5-4F6A-430A-BEC2-6ECED692BBF4}.Debug|x64.ActiveCfg = Debug|x64
		{A1C8EFE5-4F6A-430A-BEC2-6ECED692BBF4}.Debug|x64.Build.0 = Debug|x64
		{A1C8EFE5-4F6A-430A-BEC2-6ECED692BBF4}.Debug|x86.ActiveCfg = Debug|Win32
		{A1C8EFE5-4F6A-430A-BEC2-6ECED692BBF4}.Debug|x86.Build.0 = Debug|Win32
		{A1C8EFE5-4F6A-430A-BEC2-6ECED692BBF4}.Release|x64.ActiveCfg = Release|x64
		{A1C8EFE5-4F6A-430A-BEC2-6ECED692BBF4}.Release|x64.Build.0 = Release|x64
		{A1C8EFE5-4F6A-430A-BEC2-6ECED692BBF4}.Release|x86.ActiveCfg = Release|Win32
		{A1C8EFE5-4F6A-430A-BEC2-6ECED692BBF4}.Release|x86.Build.0 = Release|Win32
	EndGlobalSection
	GlobalSection(SolutionProperties) = preSolution
		HideSolutionNode = FALSE
	EndGlobalSection
	GlobalSection(ExtensibilityGlobals) = postSolution
		SolutionGuid = {AAD2A89C-3517-4EC1-911B-4DE309732938}
	EndGlobalSection
EndGlobal
